{
  "requires": true,
  "lockfileVersion": 1,
  "dependencies": {
    "jquery": {
      "version": "3.2.1",
      "resolved": "https://registry.npmjs.org/jquery/-/jquery-3.2.1.tgz",
      "integrity": "sha1-XE2d5lKvbNCncBVKYxu6ErAVx4c=",
      "dev": true
    },
    "jquery.transit": {
      "version": "0.9.12",
      "resolved": "https://registry.npmjs.org/jquery.transit/-/jquery.transit-0.9.12.tgz",
      "integrity": "sha1-W0h6N3QdmdSEadd6DWgAGWMmPDc=",
      "dev": true
    },
    "velocity-animate": {
      "version": "1.5.0",
      "resolved": "https://registry.npmjs.org/velocity-animate/-/velocity-animate-1.5.0.tgz",
      "integrity": "sha1-/Idx2N/hE2/wKnB+EPuwlXxLAw8="
    }
  }
}
